
Microsoft Visual Studio Solution File, Format Version 12.00
# Visual Studio 2013
VisualStudioVersion = 12.0.30501.0
MinimumVisualStudioVersion = 10.0.40219.1
Project("{FAE04EC0-301F-11D3-BF4B-00C04F79EFBC}") = "MadScienceLab", "MadScienceLab\MadScienceLab\MadScienceLab.csproj", "{B385F8EA-6050-4D64-B56C-3A0A094E1C61}"
	ProjectSection(ProjectDependencies) = postProject
		{3899FB5E-0ED8-4606-81D5-4053C24C52AF} = {3899FB5E-0ED8-4606-81D5-4053C24C52AF}
	EndProjectSection
EndProject
Project("{FAE04EC0-301F-11D3-BF4B-00C04F79EFBC}") = "MadScienceLabContent", "MadScienceLab\MadScienceLabContent\MadScienceLabContent.contentproj", "{3585BE57-612E-4BF8-984B-2E1BD58A51FE}"
EndProject
Project("{FAE04EC0-301F-11D3-BF4B-00C04F79EFBC}") = "SkinnedModelData", "SkinnedModelData\SkinnedModelData.csproj", "{3899FB5E-0ED8-4606-81D5-4053C24C52AF}"
EndProject
Project("{FAE04EC0-301F-11D3-BF4B-00C04F79EFBC}") = "SkinnedModelPipeline", "SkinnedModelPipeline\SkinnedModelPipeline.csproj", "{FDC4EB6B-4FC3-45DC-8E17-7F560C58CD0C}"
EndProject
Global
	GlobalSection(SolutionConfigurationPlatforms) = preSolution
		Debug|x86 = Debug|x86
		Release|x86 = Release|x86
	EndGlobalSection
	GlobalSection(ProjectConfigurationPlatforms) = postSolution
		{B385F8EA-6050-4D64-B56C-3A0A094E1C61}.Debug|x86.ActiveCfg = Debug|x86
		{B385F8EA-6050-4D64-B56C-3A0A094E1C61}.Debug|x86.Build.0 = Debug|x86
		{B385F8EA-6050-4D64-B56C-3A0A094E1C61}.Release|x86.ActiveCfg = Release|x86
		{B385F8EA-6050-4D64-B56C-3A0A094E1C61}.Release|x86.Build.0 = Release|x86
		{3585BE57-612E-4BF8-984B-2E1BD58A51FE}.Debug|x86.ActiveCfg = Debug|x86
		{3585BE57-612E-4BF8-984B-2E1BD58A51FE}.Release|x86.ActiveCfg = Release|x86
		{3899FB5E-0ED8-4606-81D5-4053C24C52AF}.Debug|x86.ActiveCfg = Debug|x86
		{3899FB5E-0ED8-4606-81D5-4053C24C52AF}.Debug|x86.Build.0 = Debug|x86
		{3899FB5E-0ED8-4606-81D5-4053C24C52AF}.Release|x86.ActiveCfg = Release|x86
		{3899FB5E-0ED8-4606-81D5-4053C24C52AF}.Release|x86.Build.0 = Release|x86
		{FDC4EB6B-4FC3-45DC-8E17-7F560C58CD0C}.Debug|x86.ActiveCfg = Debug|x86
		{FDC4EB6B-4FC3-45DC-8E17-7F560C58CD0C}.Debug|x86.Build.0 = Debug|x86
		{FDC4EB6B-4FC3-45DC-8E17-7F560C58CD0C}.Release|x86.ActiveCfg = Release|x86
		{FDC4EB6B-4FC3-45DC-8E17-7F560C58CD0C}.Release|x86.Build.0 = Release|x86
	EndGlobalSection
	GlobalSection(SolutionProperties) = preSolution
		HideSolutionNode = FALSE
	EndGlobalSection
	GlobalSection(ExtensibilityGlobals) = postSolution
		VisualSVNWorkingCopyRoot = .
	EndGlobalSection
EndGlobal
